// !$*UTF8*$!
{
	archiveVersion = 1;
	classes = {
	};
	objectVersion = 56;
	objects = {

/* Begin PBXBuildFile section */
		D339F2AE2BDA613D00F4BAC0 /* WalkiesApp.swift in Sources */ = {isa = PBXBuildFile; fileRef = D339F2AD2BDA613D00F4BAC0 /* WalkiesApp.swift */; };
		D339F2B02BDA613D00F4BAC0 /* ContentView.swift in Sources */ = {isa = PBXBuildFile; fileRef = D339F2AF2BDA613D00F4BAC0 /* ContentView.swift */; };
		D339F2B22BDA613E00F4BAC0 /* Assets.xcassets in Resources */ = {isa = PBXBuildFile; fileRef = D339F2B12BDA613E00F4BAC0 /* Assets.xcassets */; };
		D339F2B52BDA613E00F4BAC0 /* Preview Assets.xcassets in Resources */ = {isa = PBXBuildFile; fileRef = D339F2B42BDA613E00F4BAC0 /* Preview Assets.xcassets */; };
		D339F2BF2BDA613E00F4BAC0 /* WalkiesTests.swift in Sources */ = {isa = PBXBuildFile; fileRef = D339F2BE2BDA613E00F4BAC0 /* WalkiesTests.swift */; };
		D339F2C92BDA613E00F4BAC0 /* WalkiesUITests.swift in Sources */ = {isa = PBXBuildFile; fileRef = D339F2C82BDA613E00F4BAC0 /* WalkiesUITests.swift */; };
		D339F2CB2BDA613E00F4BAC0 /* WalkiesUITestsLaunchTests.swift in Sources */ = {isa = PBXBuildFile; fileRef = D339F2CA2BDA613E00F4BAC0 /* WalkiesUITestsLaunchTests.swift */; };
		D39779FB2BE0696200C21B08 /* ResultView.swift in Sources */ = {isa = PBXBuildFile; fileRef = D39779FA2BE0696200C21B08 /* ResultView.swift */; };
		D3A4180C2BE0D55C00A461AD /* MainView.swift in Sources */ = {isa = PBXBuildFile; fileRef = D3A4180B2BE0D55C00A461AD /* MainView.swift */; };
		D3A4180E2BE0D5A800A461AD /* RingButton.swift in Sources */ = {isa = PBXBuildFile; fileRef = D3A4180D2BE0D5A800A461AD /* RingButton.swift */; };
		D3A418102BE0D5F000A461AD /* Picker.swift in Sources */ = {isa = PBXBuildFile; fileRef = D3A4180F2BE0D5F000A461AD /* Picker.swift */; };
		D3A418142BE21CDD00A461AD /* HistoryView.swift in Sources */ = {isa = PBXBuildFile; fileRef = D3A418132BE21CDD00A461AD /* HistoryView.swift */; };
		D3A418172BE3793500A461AD /* ProcessInput.swift in Sources */ = {isa = PBXBuildFile; fileRef = D3A418162BE3793500A461AD /* ProcessInput.swift */; };
/* End PBXBuildFile section */

/* Begin PBXContainerItemProxy section */
		D339F2BB2BDA613E00F4BAC0 /* PBXContainerItemProxy */ = {
			isa = PBXContainerItemProxy;
			containerPortal = D339F2A22BDA613D00F4BAC0 /* Project object */;
			proxyType = 1;
			remoteGlobalIDString = D339F2A92BDA613D00F4BAC0;
			remoteInfo = Walkies;
		};
		D339F2C52BDA613E00F4BAC0 /* PBXContainerItemProxy */ = {
			isa = PBXContainerItemProxy;
			containerPortal = D339F2A22BDA613D00F4BAC0 /* Project object */;
			proxyType = 1;
			remoteGlobalIDString = D339F2A92BDA613D00F4BAC0;
			remoteInfo = Walkies;
		};
/* End PBXContainerItemProxy section */

/* Begin PBXFileReference section */
		D339F2AA2BDA613D00F4BAC0 /* Walkies.app */ = {isa = PBXFileReference; explicitFileType = wrapper.application; includeInIndex = 0; path = Walkies.app; sourceTree = BUILT_PRODUCTS_DIR; };
		D339F2AD2BDA613D00F4BAC0 /* WalkiesApp.swift */ = {isa = PBXFileReference; lastKnownFileType = sourcecode.swift; path = WalkiesApp.swift; sourceTree = "<group>"; };
		D339F2AF2BDA613D00F4BAC0 /* ContentView.swift */ = {isa = PBXFileReference; lastKnownFileType = sourcecode.swift; path = ContentView.swift; sourceTree = "<group>"; };
		D339F2B12BDA613E00F4BAC0 /* Assets.xcassets */ = {isa = PBXFileReference; lastKnownFileType = folder.assetcatalog; path = Assets.xcassets; sourceTree = "<group>"; };
		D339F2B42BDA613E00F4BAC0 /* Preview Assets.xcassets */ = {isa = PBXFileReference; lastKnownFileType = folder.assetcatalog; path = "Preview Assets.xcassets"; sourceTree = "<group>"; };
		D339F2BA2BDA613E00F4BAC0 /* WalkiesTests.xctest */ = {isa = PBXFileReference; explicitFileType = wrapper.cfbundle; includeInIndex = 0; path = WalkiesTests.xctest; sourceTree = BUILT_PRODUCTS_DIR; };
		D339F2BE2BDA613E00F4BAC0 /* WalkiesTests.swift */ = {isa = PBXFileReference; lastKnownFileType = sourcecode.swift; path = WalkiesTests.swift; sourceTree = "<group>"; };
		D339F2C42BDA613E00F4BAC0 /* WalkiesUITests.xctest */ = {isa = PBXFileReference; explicitFileType = wrapper.cfbundle; includeInIndex = 0; path = WalkiesUITests.xctest; sourceTree = BUILT_PRODUCTS_DIR; };
		D339F2C82BDA613E00F4BAC0 /* WalkiesUITests.swift */ = {isa = PBXFileReference; lastKnownFileType = sourcecode.swift; path = WalkiesUITests.swift; sourceTree = "<group>"; };
		D339F2CA2BDA613E00F4BAC0 /* WalkiesUITestsLaunchTests.swift */ = {isa = PBXFileReference; lastKnownFileType = sourcecode.swift; path = WalkiesUITestsLaunchTests.swift; sourceTree = "<group>"; };
		D39779FA2BE0696200C21B08 /* ResultView.swift */ = {isa = PBXFileReference; lastKnownFileType = sourcecode.swift; path = ResultView.swift; sourceTree = "<group>"; };
		D3A4180B2BE0D55C00A461AD /* MainView.swift */ = {isa = PBXFileReference; lastKnownFileType = sourcecode.swift; path = MainView.swift; sourceTree = "<group>"; };
		D3A4180D2BE0D5A800A461AD /* RingButton.swift */ = {isa = PBXFileReference; lastKnownFileType = sourcecode.swift; path = RingButton.swift; sourceTree = "<group>"; };
		D3A4180F2BE0D5F000A461AD /* Picker.swift */ = {isa = PBXFileReference; lastKnownFileType = sourcecode.swift; path = Picker.swift; sourceTree = "<group>"; };
		D3A418132BE21CDD00A461AD /* HistoryView.swift */ = {isa = PBXFileReference; lastKnownFileType = sourcecode.swift; path = HistoryView.swift; sourceTree = "<group>"; };
		D3A418162BE3793500A461AD /* ProcessInput.swift */ = {isa = PBXFileReference; lastKnownFileType = sourcecode.swift; path = ProcessInput.swift; sourceTree = "<group>"; };
/* End PBXFileReference section */

/* Begin PBXFrameworksBuildPhase section */
		D339F2A72BDA613D00F4BAC0 /* Frameworks */ = {
			isa = PBXFrameworksBuildPhase;
			buildActionMask = 2147483647;
			files = (
			);
			runOnlyForDeploymentPostprocessing = 0;
		};
		D339F2B72BDA613E00F4BAC0 /* Frameworks */ = {
			isa = PBXFrameworksBuildPhase;
			buildActionMask = 2147483647;
			files = (
			);
			runOnlyForDeploymentPostprocessing = 0;
		};
		D339F2C12BDA613E00F4BAC0 /* Frameworks */ = {
			isa = PBXFrameworksBuildPhase;
			buildActionMask = 2147483647;
			files = (
			);
			runOnlyForDeploymentPostprocessing = 0;
		};
/* End PBXFrameworksBuildPhase section */

/* Begin PBXGroup section */
		D339F2A12BDA613D00F4BAC0 = {
			isa = PBXGroup;
			children = (
				D339F2AC2BDA613D00F4BAC0 /* Walkies */,
				D339F2BD2BDA613E00F4BAC0 /* WalkiesTests */,
				D339F2C72BDA613E00F4BAC0 /* WalkiesUITests */,
				D339F2AB2BDA613D00F4BAC0 /* Products */,
			);
			sourceTree = "<group>";
		};
		D339F2AB2BDA613D00F4BAC0 /* Products */ = {
			isa = PBXGroup;
			children = (
				D339F2AA2BDA613D00F4BAC0 /* Walkies.app */,
				D339F2BA2BDA613E00F4BAC0 /* WalkiesTests.xctest */,
				D339F2C42BDA613E00F4BAC0 /* WalkiesUITests.xctest */,
			);
			name = Products;
			sourceTree = "<group>";
		};
		D339F2AC2BDA613D00F4BAC0 /* Walkies */ = {
			isa = PBXGroup;
			children = (
				D3A418152BE36E9B00A461AD /* Utilities */,
				D39779F92BE0694000C21B08 /* View */,
				D39779F62BE0689D00C21B08 /* Interface */,
				D339F2AF2BDA613D00F4BAC0 /* ContentView.swift */,
				D339F2AD2BDA613D00F4BAC0 /* WalkiesApp.swift */,
				D339F2B12BDA613E00F4BAC0 /* Assets.xcassets */,
				D339F2B32BDA613E00F4BAC0 /* Preview Content */,
			);
			path = Walkies;
			sourceTree = "<group>";
		};
		D339F2B32BDA613E00F4BAC0 /* Preview Content */ = {
			isa = PBXGroup;
			children = (
				D339F2B42BDA613E00F4BAC0 /* Preview Assets.xcassets */,
			);
			path = "Preview Content";
			sourceTree = "<group>";
		};
		D339F2BD2BDA613E00F4BAC0 /* WalkiesTests */ = {
			isa = PBXGroup;
			children = (
				D339F2BE2BDA613E00F4BAC0 /* WalkiesTests.swift */,
			);
			path = WalkiesTests;
			sourceTree = "<group>";
		};
		D339F2C72BDA613E00F4BAC0 /* WalkiesUITests */ = {
			isa = PBXGroup;
			children = (
				D339F2C82BDA613E00F4BAC0 /* WalkiesUITests.swift */,
				D339F2CA2BDA613E00F4BAC0 /* WalkiesUITestsLaunchTests.swift */,
			);
			path = WalkiesUITests;
			sourceTree = "<group>";
		};
		D39779F62BE0689D00C21B08 /* Interface */ = {
			isa = PBXGroup;
			children = (
				D3A4180D2BE0D5A800A461AD /* RingButton.swift */,
				D3A4180F2BE0D5F000A461AD /* Picker.swift */,
			);
			path = Interface;
			sourceTree = "<group>";
		};
		D39779F92BE0694000C21B08 /* View */ = {
			isa = PBXGroup;
			children = (
				D39779FA2BE0696200C21B08 /* ResultView.swift */,
				D3A418132BE21CDD00A461AD /* HistoryView.swift */,
				D3A4180B2BE0D55C00A461AD /* MainView.swift */,
			);
			path = View;
			sourceTree = "<group>";
		};
		D3A418152BE36E9B00A461AD /* Utilities */ = {
			isa = PBXGroup;
			children = (
				D3A418162BE3793500A461AD /* ProcessInput.swift */,
			);
			path = Utilities;
			sourceTree = "<group>";
		};
/* End PBXGroup section */

/* Begin PBXNativeTarget section */
		D339F2A92BDA613D00F4BAC0 /* Walkies */ = {
			isa = PBXNativeTarget;
			buildConfigurationList = D339F2CE2BDA613E00F4BAC0 /* Build configuration list for PBXNativeTarget "Walkies" */;
			buildPhases = (
				D339F2A62BDA613D00F4BAC0 /* Sources */,
				D339F2A72BDA613D00F4BAC0 /* Frameworks */,
				D339F2A82BDA613D00F4BAC0 /* Resources */,
			);
			buildRules = (
			);
			dependencies = (
			);
			name = Walkies;
			productName = Walkies;
			productReference = D339F2AA2BDA613D00F4BAC0 /* Walkies.app */;
			productType = "com.apple.product-type.application";
		};
		D339F2B92BDA613E00F4BAC0 /* WalkiesTests */ = {
			isa = PBXNativeTarget;
			buildConfigurationList = D339F2D12BDA613E00F4BAC0 /* Build configuration list for PBXNativeTarget "WalkiesTests" */;
			buildPhases = (
				D339F2B62BDA613E00F4BAC0 /* Sources */,
				D339F2B72BDA613E00F4BAC0 /* Frameworks */,
				D339F2B82BDA613E00F4BAC0 /* Resources */,
			);
			buildRules = (
			);
			dependencies = (
				D339F2BC2BDA613E00F4BAC0 /* PBXTargetDependency */,
			);
			name = WalkiesTests;
			productName = WalkiesTests;
			productReference = D339F2BA2BDA613E00F4BAC0 /* WalkiesTests.xctest */;
			productType = "com.apple.product-type.bundle.unit-test";
		};
		D339F2C32BDA613E00F4BAC0 /* WalkiesUITests */ = {
			isa = PBXNativeTarget;
			buildConfigurationList = D339F2D42BDA613E00F4BAC0 /* Build configuration list for PBXNativeTarget "WalkiesUITests" */;
			buildPhases = (
				D339F2C02BDA613E00F4BAC0 /* Sources */,
				D339F2C12BDA613E00F4BAC0 /* Frameworks */,
				D339F2C22BDA613E00F4BAC0 /* Resources */,
			);
			buildRules = (
			);
			dependencies = (
				D339F2C62BDA613E00F4BAC0 /* PBXTargetDependency */,
			);
			name = WalkiesUITests;
			productName = WalkiesUITests;
			productReference = D339F2C42BDA613E00F4BAC0 /* WalkiesUITests.xctest */;
			productType = "com.apple.product-type.bundle.ui-testing";
		};
/* End PBXNativeTarget section */

/* Begin PBXProject section */
		D339F2A22BDA613D00F4BAC0 /* Project object */ = {
			isa = PBXProject;
			attributes = {
				BuildIndependentTargetsInParallel = 1;
				LastSwiftUpdateCheck = 1530;
				LastUpgradeCheck = 1530;
				TargetAttributes = {
					D339F2A92BDA613D00F4BAC0 = {
						CreatedOnToolsVersion = 15.3;
					};
					D339F2B92BDA613E00F4BAC0 = {
						CreatedOnToolsVersion = 15.3;
						TestTargetID = D339F2A92BDA613D00F4BAC0;
					};
					D339F2C32BDA613E00F4BAC0 = {
						CreatedOnToolsVersion = 15.3;
						TestTargetID = D339F2A92BDA613D00F4BAC0;
					};
				};
			};
			buildConfigurationList = D339F2A52BDA613D00F4BAC0 /* Build configuration list for PBXProject "Walkies" */;
			compatibilityVersion = "Xcode 14.0";
			developmentRegion = en;
			hasScannedForEncodings = 0;
			knownRegions = (
				en,
				Base,
			);
			mainGroup = D339F2A12BDA613D00F4BAC0;
			productRefGroup = D339F2AB2BDA613D00F4BAC0 /* Products */;
			projectDirPath = "";
			projectRoot = "";
			targets = (
				D339F2A92BDA613D00F4BAC0 /* Walkies */,
				D339F2B92BDA613E00F4BAC0 /* WalkiesTests */,
				D339F2C32BDA613E00F4BAC0 /* WalkiesUITests */,
			);
		};
/* End PBXProject section */

/* Begin PBXResourcesBuildPhase section */
		D339F2A82BDA613D00F4BAC0 /* Resources */ = {
			isa = PBXResourcesBuildPhase;
			buildActionMask = 2147483647;
			files = (
				D339F2B52BDA613E00F4BAC0 /* Preview Assets.xcassets in Resources */,
				D339F2B22BDA613E00F4BAC0 /* Assets.xcassets in Resources */,
			);
			runOnlyForDeploymentPostprocessing = 0;
		};
		D339F2B82BDA613E00F4BAC0 /* Resources */ = {
			isa = PBXResourcesBuildPhase;
			buildActionMask = 2147483647;
			files = (
			);
			runOnlyForDeploymentPostprocessing = 0;
		};
		D339F2C22BDA613E00F4BAC0 /* Resources */ = {
			isa = PBXResourcesBuildPhase;
			buildActionMask = 2147483647;
			files = (
			);
			runOnlyForDeploymentPostprocessing = 0;
		};
/* End PBXResourcesBuildPhase section */

/* Begin PBXSourcesBuildPhase section */
		D339F2A62BDA613D00F4BAC0 /* Sources */ = {
			isa = PBXSourcesBuildPhase;
			buildActionMask = 2147483647;
			files = (
				D339F2B02BDA613D00F4BAC0 /* ContentView.swift in Sources */,
				D3A418142BE21CDD00A461AD /* HistoryView.swift in Sources */,
				D39779FB2BE0696200C21B08 /* ResultView.swift in Sources */,
				D3A418102BE0D5F000A461AD /* Picker.swift in Sources */,
				D3A418172BE3793500A461AD /* ProcessInput.swift in Sources */,
				D3A4180E2BE0D5A800A461AD /* RingButton.swift in Sources */,
				D3A4180C2BE0D55C00A461AD /* MainView.swift in Sources */,
				D339F2AE2BDA613D00F4BAC0 /* WalkiesApp.swift in Sources */,
			);
			runOnlyForDeploymentPostprocessing = 0;
		};
		D339F2B62BDA613E00F4BAC0 /* Sources */ = {
			isa = PBXSourcesBuildPhase;
			buildActionMask = 2147483647;
			files = (
				D339F2BF2BDA613E00F4BAC0 /* WalkiesTests.swift in Sources */,
			);
			runOnlyForDeploymentPostprocessing = 0;
		};
		D339F2C02BDA613E00F4BAC0 /* Sources */ = {
			isa = PBXSourcesBuildPhase;
			buildActionMask = 2147483647;
			files = (
				D339F2C92BDA613E00F4BAC0 /* WalkiesUITests.swift in Sources */,
				D339F2CB2BDA613E00F4BAC0 /* WalkiesUITestsLaunchTests.swift in Sources */,
			);
			runOnlyForDeploymentPostprocessing = 0;
		};
/* End PBXSourcesBuildPhase section */

/* Begin PBXTargetDependency section */
		D339F2BC2BDA613E00F4BAC0 /* PBXTargetDependency */ = {
			isa = PBXTargetDependency;
			target = D339F2A92BDA613D00F4BAC0 /* Walkies */;
			targetProxy = D339F2BB2BDA613E00F4BAC0 /* PBXContainerItemProxy */;
		};
		D339F2C62BDA613E00F4BAC0 /* PBXTargetDependency */ = {
			isa = PBXTargetDependency;
			target = D339F2A92BDA613D00F4BAC0 /* Walkies */;
			targetProxy = D339F2C52BDA613E00F4BAC0 /* PBXContainerItemProxy */;
		};
/* End PBXTargetDependency section */

/* Begin XCBuildConfiguration section */
		D339F2CC2BDA613E00F4BAC0 /* Debug */ = {
			isa = XCBuildConfiguration;
			buildSettings = {
				ALWAYS_SEARCH_USER_PATHS = NO;
				ASSETCATALOG_COMPILER_GENERATE_SWIFT_ASSET_SYMBOL_EXTENSIONS = YES;
				CLANG_ANALYZER_NONNULL = YES;
				CLANG_ANALYZER_NUMBER_OBJECT_CONVERSION = YES_AGGRESSIVE;
				CLANG_CXX_LANGUAGE_STANDARD = "gnu++20";
				CLANG_ENABLE_MODULES = YES;
				CLANG_ENABLE_OBJC_ARC = YES;
				CLANG_ENABLE_OBJC_WEAK = YES;
				CLANG_WARN_BLOCK_CAPTURE_AUTORELEASING = YES;
				CLANG_WARN_BOOL_CONVERSION = YES;
				CLANG_WARN_COMMA = YES;
				CLANG_WARN_CONSTANT_CONVERSION = YES;
				CLANG_WARN_DEPRECATED_OBJC_IMPLEMENTATIONS = YES;
				CLANG_WARN_DIRECT_OBJC_ISA_USAGE = YES_ERROR;
				CLANG_WARN_DOCUMENTATION_COMMENTS = YES;
				CLANG_WARN_EMPTY_BODY = YES;
				CLANG_WARN_ENUM_CONVERSION = YES;
				CLANG_WARN_INFINITE_RECURSION = YES;
				CLANG_WARN_INT_CONVERSION = YES;
				CLANG_WARN_NON_LITERAL_NULL_CONVERSION = YES;
				CLANG_WARN_OBJC_IMPLICIT_RETAIN_SELF = YES;
				CLANG_WARN_OBJC_LITERAL_CONVERSION = YES;
				CLANG_WARN_OBJC_ROOT_CLASS = YES_ERROR;
				CLANG_WARN_QUOTED_INCLUDE_IN_FRAMEWORK_HEADER = YES;
				CLANG_WARN_RANGE_LOOP_ANALYSIS = YES;
				CLANG_WARN_STRICT_PROTOTYPES = YES;
				CLANG_WARN_SUSPICIOUS_MOVE = YES;
				CLANG_WARN_UNGUARDED_AVAILABILITY = YES_AGGRESSIVE;
				CLANG_WARN_UNREACHABLE_CODE = YES;
				CLANG_WARN__DUPLICATE_METHOD_MATCH = YES;
				COPY_PHASE_STRIP = NO;
				DEBUG_INFORMATION_FORMAT = dwarf;
				ENABLE_STRICT_OBJC_MSGSEND = YES;
				ENABLE_TESTABILITY = YES;
				ENABLE_USER_SCRIPT_SANDBOXING = YES;
				GCC_C_LANGUAGE_STANDARD = gnu17;
				GCC_DYNAMIC_NO_PIC = NO;
				GCC_NO_COMMON_BLOCKS = YES;
				GCC_OPTIMIZATION_LEVEL = 0;
				GCC_PREPROCESSOR_DEFINITIONS = (
					"DEBUG=1",
					"$(inherited)",
				);
				GCC_WARN_64_TO_32_BIT_CONVERSION = YES;
				GCC_WARN_ABOUT_RETURN_TYPE = YES_ERROR;
				GCC_WARN_UNDECLARED_SELECTOR = YES;
				GCC_WARN_UNINITIALIZED_AUTOS = YES_AGGRESSIVE;
				GCC_WARN_UNUSED_FUNCTION = YES;
				GCC_WARN_UNUSED_VARIABLE = YES;
				IPHONEOS_DEPLOYMENT_TARGET = 17.4;
				LOCALIZATION_PREFERS_STRING_CATALOGS = YES;
				MTL_ENABLE_DEBUG_INFO = INCLUDE_SOURCE;
				MTL_FAST_MATH = YES;
				ONLY_ACTIVE_ARCH = YES;
				SDKROOT = iphoneos;
				SWIFT_ACTIVE_COMPILATION_CONDITIONS = "DEBUG $(inherited)";
				SWIFT_OPTIMIZATION_LEVEL = "-Onone";
			};
			name = Debug;
		};
		D339F2CD2BDA613E00F4BAC0 /* Release */ = {
			isa = XCBuildConfiguration;
			buildSettings = {
				ALWAYS_SEARCH_USER_PATHS = NO;
				ASSETCATALOG_COMPILER_GENERATE_SWIFT_ASSET_SYMBOL_EXTENSIONS = YES;
				CLANG_ANALYZER_NONNULL = YES;
				CLANG_ANALYZER_NUMBER_OBJECT_CONVERSION = YES_AGGRESSIVE;
				CLANG_CXX_LANGUAGE_STANDARD = "gnu++20";
				CLANG_ENABLE_MODULES = YES;
				CLANG_ENABLE_OBJC_ARC = YES;
				CLANG_ENABLE_OBJC_WEAK = YES;
				CLANG_WARN_BLOCK_CAPTURE_AUTORELEASING = YES;
				CLANG_WARN_BOOL_CONVERSION = YES;
				CLANG_WARN_COMMA = YES;
				CLANG_WARN_CONSTANT_CONVERSION = YES;
				CLANG_WARN_DEPRECATED_OBJC_IMPLEMENTATIONS = YES;
				CLANG_WARN_DIRECT_OBJC_ISA_USAGE = YES_ERROR;
				CLANG_WARN_DOCUMENTATION_COMMENTS = YES;
				CLANG_WARN_EMPTY_BODY = YES;
				CLANG_WARN_ENUM_CONVERSION = YES;
				CLANG_WARN_INFINITE_RECURSION = YES;
				CLANG_WARN_INT_CONVERSION = YES;
				CLANG_WARN_NON_LITERAL_NULL_CONVERSION = YES;
				CLANG_WARN_OBJC_IMPLICIT_RETAIN_SELF = YES;
				CLANG_WARN_OBJC_LITERAL_CONVERSION = YES;
				CLANG_WARN_OBJC_ROOT_CLASS = YES_ERROR;
				CLANG_WARN_QUOTED_INCLUDE_IN_FRAMEWORK_HEADER = YES;
				CLANG_WARN_RANGE_LOOP_ANALYSIS = YES;
				CLANG_WARN_STRICT_PROTOTYPES = YES;
				CLANG_WARN_SUSPICIOUS_MOVE = YES;
				CLANG_WARN_UNGUARDED_AVAILABILITY = YES_AGGRESSIVE;
				CLANG_WARN_UNREACHABLE_CODE = YES;
				CLANG_WARN__DUPLICATE_METHOD_MATCH = YES;
				COPY_PHASE_STRIP = NO;
				DEBUG_INFORMATION_FORMAT = "dwarf-with-dsym";
				ENABLE_NS_ASSERTIONS = NO;
				ENABLE_STRICT_OBJC_MSGSEND = YES;
				ENABLE_USER_SCRIPT_SANDBOXING = YES;
				GCC_C_LANGUAGE_STANDARD = gnu17;
				GCC_NO_COMMON_BLOCKS = YES;
				GCC_WARN_64_TO_32_BIT_CONVERSION = YES;
				GCC_WARN_ABOUT_RETURN_TYPE = YES_ERROR;
				GCC_WARN_UNDECLARED_SELECTOR = YES;
				GCC_WARN_UNINITIALIZED_AUTOS = YES_AGGRESSIVE;
				GCC_WARN_UNUSED_FUNCTION = YES;
				GCC_WARN_UNUSED_VARIABLE = YES;
				IPHONEOS_DEPLOYMENT_TARGET = 17.4;
				LOCALIZATION_PREFERS_STRING_CATALOGS = YES;
				MTL_ENABLE_DEBUG_INFO = NO;
				MTL_FAST_MATH = YES;
				SDKROOT = iphoneos;
				SWIFT_COMPILATION_MODE = wholemodule;
				VALIDATE_PRODUCT = YES;
			};
			name = Release;
		};
		D339F2CF2BDA613E00F4BAC0 /* Debug */ = {
			isa = XCBuildConfiguration;
			buildSettings = {
				ASSETCATALOG_COMPILER_APPICON_NAME = AppIcon;
				ASSETCATALOG_COMPILER_GLOBAL_ACCENT_COLOR_NAME = AccentColor;
				CODE_SIGN_STYLE = Automatic;
				CURRENT_PROJECT_VERSION = 1;
				DEVELOPMENT_ASSET_PATHS = "\"Walkies/Preview Content\"";
				DEVELOPMENT_TEAM = 397FG78S7G;
				ENABLE_PREVIEWS = YES;
				GENERATE_INFOPLIST_FILE = YES;
				INFOPLIST_KEY_UIApplicationSceneManifest_Generation = YES;
				INFOPLIST_KEY_UIApplicationSupportsIndirectInputEvents = YES;
				INFOPLIST_KEY_UILaunchScreen_Generation = YES;
				INFOPLIST_KEY_UISupportedInterfaceOrientations_iPad = "UIInterfaceOrientationPortrait UIInterfaceOrientationPortraitUpsideDown UIInterfaceOrientationLandscapeLeft UIInterfaceOrientationLandscapeRight";
				INFOPLIST_KEY_UISupportedInterfaceOrientations_iPhone = "UIInterfaceOrientationPortrait UIInterfaceOrientationLandscapeLeft UIInterfaceOrientationLandscapeRight";
				LD_RUNPATH_SEARCH_PATHS = (
					"$(inherited)",
					"@executable_path/Frameworks",
				);
				MARKETING_VERSION = 1.0;
				PRODUCT_BUNDLE_IDENTIFIER = endangeredSloth.Walkies;
				PRODUCT_NAME = "$(TARGET_NAME)";
				SWIFT_EMIT_LOC_STRINGS = YES;
				SWIFT_VERSION = 5.0;
				TARGETED_DEVICE_FAMILY = "1,2";
			};
			name = Debug;
		};
		D339F2D02BDA613E00F4BAC0 /* Release */ = {
			isa = XCBuildConfiguration;
			buildSettings = {
				ASSETCATALOG_COMPILER_APPICON_NAME = AppIcon;
				ASSETCATALOG_COMPILER_GLOBAL_ACCENT_COLOR_NAME = AccentColor;
				CODE_SIGN_STYLE = Automatic;
				CURRENT_PROJECT_VERSION = 1;
				DEVELOPMENT_ASSET_PATHS = "\"Walkies/Preview Content\"";
				DEVELOPMENT_TEAM = 397FG78S7G;
				ENABLE_PREVIEWS = YES;
				GENERATE_INFOPLIST_FILE = YES;
				INFOPLIST_KEY_UIApplicationSceneManifest_Generation = YES;
				INFOPLIST_KEY_UIApplicationSupportsIndirectInputEvents = YES;
				INFOPLIST_KEY_UILaunchScreen_Generation = YES;
				INFOPLIST_KEY_UISupportedInterfaceOrientations_iPad = "UIInterfaceOrientationPortrait UIInterfaceOrientationPortraitUpsideDown UIInterfaceOrientationLandscapeLeft UIInterfaceOrientationLandscapeRight";
				INFOPLIST_KEY_UISupportedInterfaceOrientations_iPhone = "UIInterfaceOrientationPortrait UIInterfaceOrientationLandscapeLeft UIInterfaceOrientationLandscapeRight";
				LD_RUNPATH_SEARCH_PATHS = (
					"$(inherited)",
					"@executable_path/Frameworks",
				);
				MARKETING_VERSION = 1.0;
				PRODUCT_BUNDLE_IDENTIFIER = endangeredSloth.Walkies;
				PRODUCT_NAME = "$(TARGET_NAME)";
				SWIFT_EMIT_LOC_STRINGS = YES;
				SWIFT_VERSION = 5.0;
				TARGETED_DEVICE_FAMILY = "1,2";
			};
			name = Release;
		};
		D339F2D22BDA613E00F4BAC0 /* Debug */ = {
			isa = XCBuildConfiguration;
			buildSettings = {
				ALWAYS_EMBED_SWIFT_STANDARD_LIBRARIES = YES;
				BUNDLE_LOADER = "$(TEST_HOST)";
				CODE_SIGN_STYLE = Automatic;
				CURRENT_PROJECT_VERSION = 1;
				DEVELOPMENT_TEAM = 397FG78S7G;
				GENERATE_INFOPLIST_FILE = YES;
				IPHONEOS_DEPLOYMENT_TARGET = 17.4;
				MARKETING_VERSION = 1.0;
				PRODUCT_BUNDLE_IDENTIFIER = endangeredSloth.WalkiesTests;
				PRODUCT_NAME = "$(TARGET_NAME)";
				SWIFT_EMIT_LOC_STRINGS = NO;
				SWIFT_VERSION = 5.0;
				TARGETED_DEVICE_FAMILY = "1,2";
				TEST_HOST = "$(BUILT_PRODUCTS_DIR)/Walkies.app/$(BUNDLE_EXECUTABLE_FOLDER_PATH)/Walkies";
			};
			name = Debug;
		};
		D339F2D32BDA613E00F4BAC0 /* Release */ = {
			isa = XCBuildConfiguration;
			buildSettings = {
				ALWAYS_EMBED_SWIFT_STANDARD_LIBRARIES = YES;
				BUNDLE_LOADER = "$(TEST_HOST)";
				CODE_SIGN_STYLE = Automatic;
				CURRENT_PROJECT_VERSION = 1;
				DEVELOPMENT_TEAM = 397FG78S7G;
				GENERATE_INFOPLIST_FILE = YES;
				IPHONEOS_DEPLOYMENT_TARGET = 17.4;
				MARKETING_VERSION = 1.0;
				PRODUCT_BUNDLE_IDENTIFIER = endangeredSloth.WalkiesTests;
				PRODUCT_NAME = "$(TARGET_NAME)";
				SWIFT_EMIT_LOC_STRINGS = NO;
				SWIFT_VERSION = 5.0;
				TARGETED_DEVICE_FAMILY = "1,2";
				TEST_HOST = "$(BUILT_PRODUCTS_DIR)/Walkies.app/$(BUNDLE_EXECUTABLE_FOLDER_PATH)/Walkies";
			};
			name = Release;
		};
		D339F2D52BDA613E00F4BAC0 /* Debug */ = {
			isa = XCBuildConfiguration;
			buildSettings = {
				ALWAYS_EMBED_SWIFT_STANDARD_LIBRARIES = YES;
				CODE_SIGN_STYLE = Automatic;
				CURRENT_PROJECT_VERSION = 1;
				DEVELOPMENT_TEAM = 397FG78S7G;
				GENERATE_INFOPLIST_FILE = YES;
				MARKETING_VERSION = 1.0;
				PRODUCT_BUNDLE_IDENTIFIER = endangeredSloth.WalkiesUITests;
				PRODUCT_NAME = "$(TARGET_NAME)";
				SWIFT_EMIT_LOC_STRINGS = NO;
				SWIFT_VERSION = 5.0;
				TARGETED_DEVICE_FAMILY = "1,2";
				TEST_TARGET_NAME = Walkies;
			};
			name = Debug;
		};
		D339F2D62BDA613E00F4BAC0 /* Release */ = {
			isa = XCBuildConfiguration;
			buildSettings = {
				ALWAYS_EMBED_SWIFT_STANDARD_LIBRARIES = YES;
				CODE_SIGN_STYLE = Automatic;
				CURRENT_PROJECT_VERSION = 1;
				DEVELOPMENT_TEAM = 397FG78S7G;
				GENERATE_INFOPLIST_FILE = YES;
				MARKETING_VERSION = 1.0;
				PRODUCT_BUNDLE_IDENTIFIER = endangeredSloth.WalkiesUITests;
				PRODUCT_NAME = "$(TARGET_NAME)";
				SWIFT_EMIT_LOC_STRINGS = NO;
				SWIFT_VERSION = 5.0;
				TARGETED_DEVICE_FAMILY = "1,2";
				TEST_TARGET_NAME = Walkies;
			};
			name = Release;
		};
/* End XCBuildConfiguration section */

/* Begin XCConfigurationList section */
		D339F2A52BDA613D00F4BAC0 /* Build configuration list for PBXProject "Walkies" */ = {
			isa = XCConfigurationList;
			buildConfigurations = (
				D339F2CC2BDA613E00F4BAC0 /* Debug */,
				D339F2CD2BDA613E00F4BAC0 /* Release */,
			);
			defaultConfigurationIsVisible = 0;
			defaultConfigurationName = Release;
		};
		D339F2CE2BDA613E00F4BAC0 /* Build configuration list for PBXNativeTarget "Walkies" */ = {
			isa = XCConfigurationList;
			buildConfigurations = (
				D339F2CF2BDA613E00F4BAC0 /* Debug */,
				D339F2D02BDA613E00F4BAC0 /* Release */,
			);
			defaultConfigurationIsVisible = 0;
			defaultConfigurationName = Release;
		};
		D339F2D12BDA613E00F4BAC0 /* Build configuration list for PBXNativeTarget "WalkiesTests" */ = {
			isa = XCConfigurationList;
			buildConfigurations = (
				D339F2D22BDA613E00F4BAC0 /* Debug */,
				D339F2D32BDA613E00F4BAC0 /* Release */,
			);
			defaultConfigurationIsVisible = 0;
			defaultConfigurationName = Release;
		};
		D339F2D42BDA613E00F4BAC0 /* Build configuration list for PBXNativeTarget "WalkiesUITests" */ = {
			isa = XCConfigurationList;
			buildConfigurations = (
				D339F2D52BDA613E00F4BAC0 /* Debug */,
				D339F2D62BDA613E00F4BAC0 /* Release */,
			);
			defaultConfigurationIsVisible = 0;
			defaultConfigurationName = Release;
		};
/* End XCConfigurationList section */
	};
	rootObject = D339F2A22BDA613D00F4BAC0 /* Project object */;
}
